// !$*UTF8*$!
{
	archiveVersion = 1;
	classes = {
	};
	objectVersion = 46;
	objects = {

/* Begin PBXBuildFile section */
		C90D33FF76CD4862931907B9 /* Pods_Split.framework in Frameworks */ = {isa = PBXBuildFile; fileRef = 0902A13AC58EE0EF033D2CB4 /* Pods_Split.framework */; };
		E45650831E28423B0031F993 /* Transaction.swift in Sources */ = {isa = PBXBuildFile; fileRef = E45650821E28423B0031F993 /* Transaction.swift */; };
		E463F0B41E27F9FC00A286C1 /* APIClient.swift in Sources */ = {isa = PBXBuildFile; fileRef = E463F0B31E27F9FC00A286C1 /* APIClient.swift */; };
		E484F80B1E27D38A00A36549 /* AppDelegate.swift in Sources */ = {isa = PBXBuildFile; fileRef = E484F80A1E27D38A00A36549 /* AppDelegate.swift */; };
		E484F80D1E27D38A00A36549 /* ViewController.swift in Sources */ = {isa = PBXBuildFile; fileRef = E484F80C1E27D38A00A36549 /* ViewController.swift */; };
		E484F8101E27D38A00A36549 /* Main.storyboard in Resources */ = {isa = PBXBuildFile; fileRef = E484F80E1E27D38A00A36549 /* Main.storyboard */; };
		E484F8121E27D38A00A36549 /* Assets.xcassets in Resources */ = {isa = PBXBuildFile; fileRef = E484F8111E27D38A00A36549 /* Assets.xcassets */; };
		E484F8151E27D38A00A36549 /* LaunchScreen.storyboard in Resources */ = {isa = PBXBuildFile; fileRef = E484F8131E27D38A00A36549 /* LaunchScreen.storyboard */; };
/* End PBXBuildFile section */

/* Begin PBXFileReference section */
		0902A13AC58EE0EF033D2CB4 /* Pods_Split.framework */ = {isa = PBXFileReference; explicitFileType = wrapper.framework; includeInIndex = 0; path = Pods_Split.framework; sourceTree = BUILT_PRODUCTS_DIR; };
		5F0E5FC8D96B6A64F2E2AAA2 /* Pods-Split.debug.xcconfig */ = {isa = PBXFileReference; includeInIndex = 1; lastKnownFileType = text.xcconfig; name = "Pods-Split.debug.xcconfig"; path = "Pods/Target Support Files/Pods-Split/Pods-Split.debug.xcconfig"; sourceTree = "<group>"; };
		69F63E47A816BFF449AC5FD0 /* Pods-Split.release.xcconfig */ = {isa = PBXFileReference; includeInIndex = 1; lastKnownFileType = text.xcconfig; name = "Pods-Split.release.xcconfig"; path = "Pods/Target Support Files/Pods-Split/Pods-Split.release.xcconfig"; sourceTree = "<group>"; };
		E45650821E28423B0031F993 /* Transaction.swift */ = {isa = PBXFileReference; fileEncoding = 4; lastKnownFileType = sourcecode.swift; path = Transaction.swift; sourceTree = "<group>"; };
		E463F0B31E27F9FC00A286C1 /* APIClient.swift */ = {isa = PBXFileReference; fileEncoding = 4; lastKnownFileType = sourcecode.swift; path = APIClient.swift; sourceTree = "<group>"; };
		E484F8071E27D38A00A36549 /* Split.app */ = {isa = PBXFileReference; explicitFileType = wrapper.application; includeInIndex = 0; path = Split.app; sourceTree = BUILT_PRODUCTS_DIR; };
		E484F80A1E27D38A00A36549 /* AppDelegate.swift */ = {isa = PBXFileReference; lastKnownFileType = sourcecode.swift; path = AppDelegate.swift; sourceTree = "<group>"; };
		E484F80C1E27D38A00A36549 /* ViewController.swift */ = {isa = PBXFileReference; lastKnownFileType = sourcecode.swift; path = ViewController.swift; sourceTree = "<group>"; };
		E484F80F1E27D38A00A36549 /* Base */ = {isa = PBXFileReference; lastKnownFileType = file.storyboard; name = Base; path = Base.lproj/Main.storyboard; sourceTree = "<group>"; };
		E484F8111E27D38A00A36549 /* Assets.xcassets */ = {isa = PBXFileReference; lastKnownFileType = folder.assetcatalog; path = Assets.xcassets; sourceTree = "<group>"; };
		E484F8141E27D38A00A36549 /* Base */ = {isa = PBXFileReference; lastKnownFileType = file.storyboard; name = Base; path = Base.lproj/LaunchScreen.storyboard; sourceTree = "<group>"; };
		E484F8161E27D38A00A36549 /* Info.plist */ = {isa = PBXFileReference; lastKnownFileType = text.plist.xml; path = Info.plist; sourceTree = "<group>"; };
/* End PBXFileReference section */

/* Begin PBXFrameworksBuildPhase section */
		E484F8041E27D38A00A36549 /* Frameworks */ = {
			isa = PBXFrameworksBuildPhase;
			buildActionMask = 2147483647;
			files = (
				C90D33FF76CD4862931907B9 /* Pods_Split.framework in Frameworks */,
			);
			runOnlyForDeploymentPostprocessing = 0;
		};
/* End PBXFrameworksBuildPhase section */

/* Begin PBXGroup section */
		1E9507F07CCF97AE0560DD48 /* Frameworks */ = {
			isa = PBXGroup;
			children = (
				0902A13AC58EE0EF033D2CB4 /* Pods_Split.framework */,
			);
			name = Frameworks;
			sourceTree = "<group>";
		};
		7EB66F28278B9AD815302DAE /* Pods */ = {
			isa = PBXGroup;
			children = (
				5F0E5FC8D96B6A64F2E2AAA2 /* Pods-Split.debug.xcconfig */,
				69F63E47A816BFF449AC5FD0 /* Pods-Split.release.xcconfig */,
			);
			name = Pods;
			sourceTree = "<group>";
		};
		E45650841E2842400031F993 /* Models */ = {
			isa = PBXGroup;
			children = (
				E45650821E28423B0031F993 /* Transaction.swift */,
			);
			name = Models;
			sourceTree = "<group>";
		};
		E484F7FE1E27D38A00A36549 = {
			isa = PBXGroup;
			children = (
				E484F8091E27D38A00A36549 /* Split */,
				E484F8081E27D38A00A36549 /* Products */,
				7EB66F28278B9AD815302DAE /* Pods */,
				1E9507F07CCF97AE0560DD48 /* Frameworks */,
			);
			sourceTree = "<group>";
		};
		E484F8081E27D38A00A36549 /* Products */ = {
			isa = PBXGroup;
			children = (
				E484F8071E27D38A00A36549 /* Split.app */,
			);
			name = Products;
			sourceTree = "<group>";
		};
		E484F8091E27D38A00A36549 /* Split */ = {
			isa = PBXGroup;
			children = (
				E463F0B31E27F9FC00A286C1 /* APIClient.swift */,
				E484F80A1E27D38A00A36549 /* AppDelegate.swift */,
				E484F80C1E27D38A00A36549 /* ViewController.swift */,
				E484F80E1E27D38A00A36549 /* Main.storyboard */,
				E484F8111E27D38A00A36549 /* Assets.xcassets */,
				E484F8131E27D38A00A36549 /* LaunchScreen.storyboard */,
				E484F8161E27D38A00A36549 /* Info.plist */,
				E45650841E2842400031F993 /* Models */,
			);
			path = Split;
			sourceTree = "<group>";
		};
/* End PBXGroup section */

/* Begin PBXNativeTarget section */
		E484F8061E27D38A00A36549 /* Split */ = {
			isa = PBXNativeTarget;
			buildConfigurationList = E484F8191E27D38A00A36549 /* Build configuration list for PBXNativeTarget "Split" */;
			buildPhases = (
				A5250B313003E5B0ABB6486D /* [CP] Check Pods Manifest.lock */,
				E484F8031E27D38A00A36549 /* Sources */,
				E484F8041E27D38A00A36549 /* Frameworks */,
				E484F8051E27D38A00A36549 /* Resources */,
				243FE3EAD9D7D07776CE9D7C /* [CP] Embed Pods Frameworks */,
				615C466D8CA1CDBC17D57F9D /* [CP] Copy Pods Resources */,
			);
			buildRules = (
			);
			dependencies = (
			);
			name = Split;
			productName = Split;
			productReference = E484F8071E27D38A00A36549 /* Split.app */;
			productType = "com.apple.product-type.application";
		};
/* End PBXNativeTarget section */

/* Begin PBXProject section */
		E484F7FF1E27D38A00A36549 /* Project object */ = {
			isa = PBXProject;
			attributes = {
				LastSwiftUpdateCheck = 0800;
				LastUpgradeCheck = 0800;
				ORGANIZATIONNAME = brianlee;
				TargetAttributes = {
					E484F8061E27D38A00A36549 = {
						CreatedOnToolsVersion = 8.0;
						DevelopmentTeam = JR7KR2K28B;
						ProvisioningStyle = Automatic;
					};
				};
			};
			buildConfigurationList = E484F8021E27D38A00A36549 /* Build configuration list for PBXProject "Split" */;
			compatibilityVersion = "Xcode 3.2";
			developmentRegion = English;
			hasScannedForEncodings = 0;
			knownRegions = (
				en,
				Base,
			);
			mainGroup = E484F7FE1E27D38A00A36549;
			productRefGroup = E484F8081E27D38A00A36549 /* Products */;
			projectDirPath = "";
			projectRoot = "";
			targets = (
				E484F8061E27D38A00A36549 /* Split */,
			);
		};
/* End PBXProject section */

/* Begin PBXResourcesBuildPhase section */
		E484F8051E27D38A00A36549 /* Resources */ = {
			isa = PBXResourcesBuildPhase;
			buildActionMask = 2147483647;
			files = (
				E484F8151E27D38A00A36549 /* LaunchScreen.storyboard in Resources */,
				E484F8121E27D38A00A36549 /* Assets.xcassets in Resources */,
				E484F8101E27D38A00A36549 /* Main.storyboard in Resources */,
			);
			runOnlyForDeploymentPostprocessing = 0;
		};
/* End PBXResourcesBuildPhase section */

/* Begin PBXShellScriptBuildPhase section */
		243FE3EAD9D7D07776CE9D7C /* [CP] Embed Pods Frameworks */ = {
			isa = PBXShellScriptBuildPhase;
			buildActionMask = 2147483647;
			files = (
			);
			inputPaths = (
			);
			name = "[CP] Embed Pods Frameworks";
			outputPaths = (
			);
			runOnlyForDeploymentPostprocessing = 0;
			shellPath = /bin/sh;
			shellScript = "\"${SRCROOT}/Pods/Target Support Files/Pods-Split/Pods-Split-frameworks.sh\"\n";
			showEnvVarsInLog = 0;
		};
		615C466D8CA1CDBC17D57F9D /* [CP] Copy Pods Resources */ = {
			isa = PBXShellScriptBuildPhase;
			buildActionMask = 2147483647;
			files = (
			);
			inputPaths = (
			);
			name = "[CP] Copy Pods Resources";
			outputPaths = (
			);
			runOnlyForDeploymentPostprocessing = 0;
			shellPath = /bin/sh;
			shellScript = "\"${SRCROOT}/Pods/Target Support Files/Pods-Split/Pods-Split-resources.sh\"\n";
			showEnvVarsInLog = 0;
		};
		A5250B313003E5B0ABB6486D /* [CP] Check Pods Manifest.lock */ = {
			isa = PBXShellScriptBuildPhase;
			buildActionMask = 2147483647;
			files = (
			);
			inputPaths = (
			);
			name = "[CP] Check Pods Manifest.lock";
			outputPaths = (
			);
			runOnlyForDeploymentPostprocessing = 0;
			shellPath = /bin/sh;
			shellScript = "diff \"${PODS_ROOT}/../Podfile.lock\" \"${PODS_ROOT}/Manifest.lock\" > /dev/null\nif [[ $? != 0 ]] ; then\n    cat << EOM\nerror: The sandbox is not in sync with the Podfile.lock. Run 'pod install' or update your CocoaPods installation.\nEOM\n    exit 1\nfi\n";
			showEnvVarsInLog = 0;
		};
/* End PBXShellScriptBuildPhase section */

/* Begin PBXSourcesBuildPhase section */
		E484F8031E27D38A00A36549 /* Sources */ = {
			isa = PBXSourcesBuildPhase;
			buildActionMask = 2147483647;
			files = (
				E484F80D1E27D38A00A36549 /* ViewController.swift in Sources */,
				E484F80B1E27D38A00A36549 /* AppDelegate.swift in Sources */,
				E45650831E28423B0031F993 /* Transaction.swift in Sources */,
				E463F0B41E27F9FC00A286C1 /* APIClient.swift in Sources */,
			);
			runOnlyForDeploymentPostprocessing = 0;
		};
/* End PBXSourcesBuildPhase section */

/* Begin PBXVariantGroup section */
		E484F80E1E27D38A00A36549 /* Main.storyboard */ = {
			isa = PBXVariantGroup;
			children = (
				E484F80F1E27D38A00A36549 /* Base */,
			);
			name = Main.storyboard;
			sourceTree = "<group>";
		};
		E484F8131E27D38A00A36549 /* LaunchScreen.storyboard */ = {
			isa = PBXVariantGroup;
			children = (
				E484F8141E27D38A00A36549 /* Base */,
			);
			name = LaunchScreen.storyboard;
			sourceTree = "<group>";
		};
/* End PBXVariantGroup section */

/* Begin XCBuildConfiguration section */
		E484F8171E27D38A00A36549 /* Debug */ = {
			isa = XCBuildConfiguration;
			buildSettings = {
				ALWAYS_SEARCH_USER_PATHS = NO;
				CLANG_ANALYZER_NONNULL = YES;
				CLANG_CXX_LANGUAGE_STANDARD = "gnu++0x";
				CLANG_CXX_LIBRARY = "libc++";
				CLANG_ENABLE_MODULES = YES;
				CLANG_ENABLE_OBJC_ARC = YES;
				CLANG_WARN_BOOL_CONVERSION = YES;
				CLANG_WARN_CONSTANT_CONVERSION = YES;
				CLANG_WARN_DIRECT_OBJC_ISA_USAGE = YES_ERROR;
				CLANG_WARN_DOCUMENTATION_COMMENTS = YES;
				CLANG_WARN_EMPTY_BODY = YES;
				CLANG_WARN_ENUM_CONVERSION = YES;
				CLANG_WARN_INFINITE_RECURSION = YES;
				CLANG_WARN_INT_CONVERSION = YES;
				CLANG_WARN_OBJC_ROOT_CLASS = YES_ERROR;
				CLANG_WARN_SUSPICIOUS_MOVES = YES;
				CLANG_WARN_UNREACHABLE_CODE = YES;
				CLANG_WARN__DUPLICATE_METHOD_MATCH = YES;
				"CODE_SIGN_IDENTITY[sdk=iphoneos*]" = "iPhone Developer";
				COPY_PHASE_STRIP = NO;
				DEBUG_INFORMATION_FORMAT = dwarf;
				ENABLE_STRICT_OBJC_MSGSEND = YES;
				ENABLE_TESTABILITY = YES;
				GCC_C_LANGUAGE_STANDARD = gnu99;
				GCC_DYNAMIC_NO_PIC = NO;
				GCC_NO_COMMON_BLOCKS = YES;
				GCC_OPTIMIZATION_LEVEL = 0;
				GCC_PREPROCESSOR_DEFINITIONS = (
					"DEBUG=1",
					"$(inherited)",
				);
				GCC_WARN_64_TO_32_BIT_CONVERSION = YES;
				GCC_WARN_ABOUT_RETURN_TYPE = YES_ERROR;
				GCC_WARN_UNDECLARED_SELECTOR = YES;
				GCC_WARN_UNINITIALIZED_AUTOS = YES_AGGRESSIVE;
				GCC_WARN_UNUSED_FUNCTION = YES;
				GCC_WARN_UNUSED_VARIABLE = YES;
				IPHONEOS_DEPLOYMENT_TARGET = 10.0;
				MTL_ENABLE_DEBUG_INFO = YES;
				ONLY_ACTIVE_ARCH = YES;
				SDKROOT = iphoneos;
				SWIFT_ACTIVE_COMPILATION_CONDITIONS = DEBUG;
				SWIFT_OPTIMIZATION_LEVEL = "-Onone";
			};
			name = Debug;
		};
		E484F8181E27D38A00A36549 /* Release */ = {
			isa = XCBuildConfiguration;
			buildSettings = {
				ALWAYS_SEARCH_USER_PATHS = NO;
				CLANG_ANALYZER_NONNULL = YES;
				CLANG_CXX_LANGUAGE_STANDARD = "gnu++0x";
				CLANG_CXX_LIBRARY = "libc++";
				CLANG_ENABLE_MODULES = YES;
				CLANG_ENABLE_OBJC_ARC = YES;
				CLANG_WARN_BOOL_CONVERSION = YES;
				CLANG_WARN_CONSTANT_CONVERSION = YES;
				CLANG_WARN_DIRECT_OBJC_ISA_USAGE = YES_ERROR;
				CLANG_WARN_DOCUMENTATION_COMMENTS = YES;
				CLANG_WARN_EMPTY_BODY = YES;
				CLANG_WARN_ENUM_CONVERSION = YES;
				CLANG_WARN_INFINITE_RECURSION = YES;
				CLANG_WARN_INT_CONVERSION = YES;
				CLANG_WARN_OBJC_ROOT_CLASS = YES_ERROR;
				CLANG_WARN_SUSPICIOUS_MOVES = YES;
				CLANG_WARN_UNREACHABLE_CODE = YES;
				CLANG_WARN__DUPLICATE_METHOD_MATCH = YES;
				"CODE_SIGN_IDENTITY[sdk=iphoneos*]" = "iPhone Developer";
				COPY_PHASE_STRIP = NO;
				DEBUG_INFORMATION_FORMAT = "dwarf-with-dsym";
				ENABLE_NS_ASSERTIONS = NO;
				ENABLE_STRICT_OBJC_MSGSEND = YES;
				GCC_C_LANGUAGE_STANDARD = gnu99;
				GCC_NO_COMMON_BLOCKS = YES;
				GCC_WARN_64_TO_32_BIT_CONVERSION = YES;
				GCC_WARN_ABOUT_RETURN_TYPE = YES_ERROR;
				GCC_WARN_UNDECLARED_SELECTOR = YES;
				GCC_WARN_UNINITIALIZED_AUTOS = YES_AGGRESSIVE;
				GCC_WARN_UNUSED_FUNCTION = YES;
				GCC_WARN_UNUSED_VARIABLE = YES;
				IPHONEOS_DEPLOYMENT_TARGET = 10.0;
				MTL_ENABLE_DEBUG_INFO = NO;
				SDKROOT = iphoneos;
				SWIFT_OPTIMIZATION_LEVEL = "-Owholemodule";
				VALIDATE_PRODUCT = YES;
			};
			name = Release;
		};
		E484F81A1E27D38A00A36549 /* Debug */ = {
			isa = XCBuildConfiguration;
			baseConfigurationReference = 5F0E5FC8D96B6A64F2E2AAA2 /* Pods-Split.debug.xcconfig */;
			buildSettings = {
				ASSETCATALOG_COMPILER_APPICON_NAME = AppIcon;
				DEVELOPMENT_TEAM = JR7KR2K28B;
				INFOPLIST_FILE = Split/Info.plist;
				LD_RUNPATH_SEARCH_PATHS = "$(inherited) @executable_path/Frameworks";
				PRODUCT_BUNDLE_IDENTIFIER = com.brianlee.Split;
				PRODUCT_NAME = "$(TARGET_NAME)";
				SWIFT_VERSION = 3.0;
			};
			name = Debug;
		};
		E484F81B1E27D38A00A36549 /* Release */ = {
			isa = XCBuildConfiguration;
			baseConfigurationReference = 69F63E47A816BFF449AC5FD0 /* Pods-Split.release.xcconfig */;
			buildSettings = {
				ASSETCATALOG_COMPILER_APPICON_NAME = AppIcon;
				DEVELOPMENT_TEAM = JR7KR2K28B;
				INFOPLIST_FILE = Split/Info.plist;
				LD_RUNPATH_SEARCH_PATHS = "$(inherited) @executable_path/Frameworks";
				PRODUCT_BUNDLE_IDENTIFIER = com.brianlee.Split;
				PRODUCT_NAME = "$(TARGET_NAME)";
				SWIFT_VERSION = 3.0;
			};
			name = Release;
		};
/* End XCBuildConfiguration section */

/* Begin XCConfigurationList section */
		E484F8021E27D38A00A36549 /* Build configuration list for PBXProject "Split" */ = {
			isa = XCConfigurationList;
			buildConfigurations = (
				E484F8171E27D38A00A36549 /* Debug */,
				E484F8181E27D38A00A36549 /* Release */,
			);
			defaultConfigurationIsVisible = 0;
			defaultConfigurationName = Release;
		};
		E484F8191E27D38A00A36549 /* Build configuration list for PBXNativeTarget "Split" */ = {
			isa = XCConfigurationList;
			buildConfigurations = (
				E484F81A1E27D38A00A36549 /* Debug */,
				E484F81B1E27D38A00A36549 /* Release */,
			);
			defaultConfigurationIsVisible = 0;
			defaultConfigurationName = Release;
		};
/* End XCConfigurationList section */
	};
	rootObject = E484F7FF1E27D38A00A36549 /* Project object */;
}
